
Microsoft Visual Studio Solution File, Format Version 12.00
# Visual Studio 14
VisualStudioVersion = 14.0.23107.0
MinimumVisualStudioVersion = 10.0.40219.1
Project("{FAE04EC0-301F-11D3-BF4B-00C04F79EFBC}") = "Alpha01.Droid", "Alpha01\Alpha01.Droid\Alpha01.Droid.csproj", "{E18A815A-0D63-4F1C-8CD3-0DC779B0C740}"
EndProject
Project("{FAE04EC0-301F-11D3-BF4B-00C04F79EFBC}") = "Alpha01.iOS", "Alpha01\Alpha01.iOS\Alpha01.iOS.csproj", "{998A819B-8C66-4104-B941-2BA18296F847}"
EndProject
Project("{FAE04EC0-301F-11D3-BF4B-00C04F79EFBC}") = "Alpha01.WinPhone", "Alpha01\Alpha01.WinPhone\Alpha01.WinPhone.csproj", "{93797C7D-FB5D-4F50-B759-63861BE20393}"
EndProject
Project("{D954291E-2A0B-460D-934E-DC6B0785DB48}") = "Alpha01", "Alpha01\Alpha01\Alpha01.shproj", "{4647D8BE-9039-43AF-BD3F-F187F5955537}"
EndProject
Global
	GlobalSection(SharedMSBuildProjectFiles) = preSolution
		Alpha01\Alpha01\Alpha01.projitems*{e18a815a-0d63-4f1c-8cd3-0dc779b0c740}*SharedItemsImports = 4
		Alpha01\Alpha01\Alpha01.projitems*{93797c7d-fb5d-4f50-b759-63861be20393}*SharedItemsImports = 4
		Alpha01\Alpha01\Alpha01.projitems*{4647d8be-9039-43af-bd3f-f187f5955537}*SharedItemsImports = 13
		Alpha01\Alpha01\Alpha01.projitems*{998a819b-8c66-4104-b941-2ba18296f847}*SharedItemsImports = 4
	EndGlobalSection
	GlobalSection(SolutionConfigurationPlatforms) = preSolution
		Ad-Hoc|Any CPU = Ad-Hoc|Any CPU
		Ad-Hoc|ARM = Ad-Hoc|ARM
		Ad-Hoc|iPhone = Ad-Hoc|iPhone
		Ad-Hoc|iPhoneSimulator = Ad-Hoc|iPhoneSimulator
		Ad-Hoc|x86 = Ad-Hoc|x86
		AppStore|Any CPU = AppStore|Any CPU
		AppStore|ARM = AppStore|ARM
		AppStore|iPhone = AppStore|iPhone
		AppStore|iPhoneSimulator = AppStore|iPhoneSimulator
		AppStore|x86 = AppStore|x86
		Debug|Any CPU = Debug|Any CPU
		Debug|ARM = Debug|ARM
		Debug|iPhone = Debug|iPhone
		Debug|iPhoneSimulator = Debug|iPhoneSimulator
		Debug|x86 = Debug|x86
		Release|Any CPU = Release|Any CPU
		Release|ARM = Release|ARM
		Release|iPhone = Release|iPhone
		Release|iPhoneSimulator = Release|iPhoneSimulator
		Release|x86 = Release|x86
	EndGlobalSection
	GlobalSection(ProjectConfigurationPlatforms) = postSolution
		{E18A815A-0D63-4F1C-8CD3-0DC779B0C740}.Ad-Hoc|Any CPU.ActiveCfg = Release|Any CPU
		{E18A815A-0D63-4F1C-8CD3-0DC779B0C740}.Ad-Hoc|Any CPU.Build.0 = Release|Any CPU
		{E18A815A-0D63-4F1C-8CD3-0DC779B0C740}.Ad-Hoc|Any CPU.Deploy.0 = Release|Any CPU
		{E18A815A-0D63-4F1C-8CD3-0DC779B0C740}.Ad-Hoc|ARM.ActiveCfg = Release|Any CPU
		{E18A815A-0D63-4F1C-8CD3-0DC779B0C740}.Ad-Hoc|ARM.Build.0 = Release|Any CPU
		{E18A815A-0D63-4F1C-8CD3-0DC779B0C740}.Ad-Hoc|ARM.Deploy.0 = Release|Any CPU
		{E18A815A-0D63-4F1C-8CD3-0DC779B0C740}.Ad-Hoc|iPhone.ActiveCfg = Release|Any CPU
		{E18A815A-0D63-4F1C-8CD3-0DC779B0C740}.Ad-Hoc|iPhone.Build.0 = Release|Any CPU
		{E18A815A-0D63-4F1C-8CD3-0DC779B0C740}.Ad-Hoc|iPhone.Deploy.0 = Release|Any CPU
		{E18A815A-0D63-4F1C-8CD3-0DC779B0C740}.Ad-Hoc|iPhoneSimulator.ActiveCfg = Release|Any CPU
		{E18A815A-0D63-4F1C-8CD3-0DC779B0C740}.Ad-Hoc|iPhoneSimulator.Build.0 = Release|Any CPU
		{E18A815A-0D63-4F1C-8CD3-0DC779B0C740}.Ad-Hoc|iPhoneSimulator.Deploy.0 = Release|Any CPU
		{E18A815A-0D63-4F1C-8CD3-0DC779B0C740}.Ad-Hoc|x86.ActiveCfg = Release|Any CPU
		{E18A815A-0D63-4F1C-8CD3-0DC779B0C740}.Ad-Hoc|x86.Build.0 = Release|Any CPU
		{E18A815A-0D63-4F1C-8CD3-0DC779B0C740}.Ad-Hoc|x86.Deploy.0 = Release|Any CPU
		{E18A815A-0D63-4F1C-8CD3-0DC779B0C740}.AppStore|Any CPU.ActiveCfg = Release|Any CPU
		{E18A815A-0D63-4F1C-8CD3-0DC779B0C740}.AppStore|Any CPU.Build.0 = Release|Any CPU
		{E18A815A-0D63-4F1C-8CD3-0DC779B0C740}.AppStore|Any CPU.Deploy.0 = Release|Any CPU
		{E18A815A-0D63-4F1C-8CD3-0DC779B0C740}.AppStore|ARM.ActiveCfg = Release|Any CPU
		{E18A815A-0D63-4F1C-8CD3-0DC779B0C740}.AppStore|ARM.Build.0 = Release|Any CPU
		{E18A815A-0D63-4F1C-8CD3-0DC779B0C740}.AppStore|ARM.Deploy.0 = Release|Any CPU
		{E18A815A-0D63-4F1C-8CD3-0DC779B0C740}.AppStore|iPhone.ActiveCfg = Release|Any CPU
		{E18A815A-0D63-4F1C-8CD3-0DC779B0C740}.AppStore|iPhone.Build.0 = Release|Any CPU
		{E18A815A-0D63-4F1C-8CD3-0DC779B0C740}.AppStore|iPhone.Deploy.0 = Release|Any CPU
		{E18A815A-0D63-4F1C-8CD3-0DC779B0C740}.AppStore|iPhoneSimulator.ActiveCfg = Release|Any CPU
		{E18A815A-0D63-4F1C-8CD3-0DC779B0C740}.AppStore|iPhoneSimulator.Build.0 = Release|Any CPU
		{E18A815A-0D63-4F1C-8CD3-0DC779B0C740}.AppStore|iPhoneSimulator.Deploy.0 = Release|Any CPU
		{E18A815A-0D63-4F1C-8CD3-0DC779B0C740}.AppStore|x86.ActiveCfg = Release|Any CPU
		{E18A815A-0D63-4F1C-8CD3-0DC779B0C740}.AppStore|x86.Build.0 = Release|Any CPU
		{E18A815A-0D63-4F1C-8CD3-0DC779B0C740}.AppStore|x86.Deploy.0 = Release|Any CPU
		{E18A815A-0D63-4F1C-8CD3-0DC779B0C740}.Debug|Any CPU.ActiveCfg = Debug|Any CPU
		{E18A815A-0D63-4F1C-8CD3-0DC779B0C740}.Debug|Any CPU.Build.0 = Debug|Any CPU
		{E18A815A-0D63-4F1C-8CD3-0DC779B0C740}.Debug|Any CPU.Deploy.0 = Debug|Any CPU
		{E18A815A-0D63-4F1C-8CD3-0DC779B0C740}.Debug|ARM.ActiveCfg = Debug|Any CPU
		{E18A815A-0D63-4F1C-8CD3-0DC779B0C740}.Debug|ARM.Build.0 = Debug|Any CPU
		{E18A815A-0D63-4F1C-8CD3-0DC779B0C740}.Debug|ARM.Deploy.0 = Debug|Any CPU
		{E18A815A-0D63-4F1C-8CD3-0DC779B0C740}.Debug|iPhone.ActiveCfg = Debug|Any CPU
		{E18A815A-0D63-4F1C-8CD3-0DC779B0C740}.Debug|iPhone.Build.0 = Debug|Any CPU
		{E18A815A-0D63-4F1C-8CD3-0DC779B0C740}.Debug|iPhone.Deploy.0 = Debug|Any CPU
		{E18A815A-0D63-4F1C-8CD3-0DC779B0C740}.Debug|iPhoneSimulator.ActiveCfg = Debug|Any CPU
		{E18A815A-0D63-4F1C-8CD3-0DC779B0C740}.Debug|iPhoneSimulator.Build.0 = Debug|Any CPU
		{E18A815A-0D63-4F1C-8CD3-0DC779B0C740}.Debug|iPhoneSimulator.Deploy.0 = Debug|Any CPU
		{E18A815A-0D63-4F1C-8CD3-0DC779B0C740}.Debug|x86.ActiveCfg = Debug|Any CPU
		{E18A815A-0D63-4F1C-8CD3-0DC779B0C740}.Debug|x86.Build.0 = Debug|Any CPU
		{E18A815A-0D63-4F1C-8CD3-0DC779B0C740}.Debug|x86.Deploy.0 = Debug|Any CPU
		{E18A815A-0D63-4F1C-8CD3-0DC779B0C740}.Release|Any CPU.ActiveCfg = Release|Any CPU
		{E18A815A-0D63-4F1C-8CD3-0DC779B0C740}.Release|Any CPU.Build.0 = Release|Any CPU
		{E18A815A-0D63-4F1C-8CD3-0DC779B0C740}.Release|Any CPU.Deploy.0 = Release|Any CPU
		{E18A815A-0D63-4F1C-8CD3-0DC779B0C740}.Release|ARM.ActiveCfg = Release|Any CPU
		{E18A815A-0D63-4F1C-8CD3-0DC779B0C740}.Release|ARM.Build.0 = Release|Any CPU
		{E18A815A-0D63-4F1C-8CD3-0DC779B0C740}.Release|ARM.Deploy.0 = Release|Any CPU
		{E18A815A-0D63-4F1C-8CD3-0DC779B0C740}.Release|iPhone.ActiveCfg = Release|Any CPU
		{E18A815A-0D63-4F1C-8CD3-0DC779B0C740}.Release|iPhone.Build.0 = Release|Any CPU
		{E18A815A-0D63-4F1C-8CD3-0DC779B0C740}.Release|iPhone.Deploy.0 = Release|Any CPU
		{E18A815A-0D63-4F1C-8CD3-0DC779B0C740}.Release|iPhoneSimulator.ActiveCfg = Release|Any CPU
		{E18A815A-0D63-4F1C-8CD3-0DC779B0C740}.Release|iPhoneSimulator.Build.0 = Release|Any CPU
		{E18A815A-0D63-4F1C-8CD3-0DC779B0C740}.Release|iPhoneSimulator.Deploy.0 = Release|Any CPU
		{E18A815A-0D63-4F1C-8CD3-0DC779B0C740}.Release|x86.ActiveCfg = Release|Any CPU
		{E18A815A-0D63-4F1C-8CD3-0DC779B0C740}.Release|x86.Build.0 = Release|Any CPU
		{E18A815A-0D63-4F1C-8CD3-0DC779B0C740}.Release|x86.Deploy.0 = Release|Any CPU
		{998A819B-8C66-4104-B941-2BA18296F847}.Ad-Hoc|Any CPU.ActiveCfg = Ad-Hoc|iPhone
		{998A819B-8C66-4104-B941-2BA18296F847}.Ad-Hoc|ARM.ActiveCfg = Ad-Hoc|iPhone
		{998A819B-8C66-4104-B941-2BA18296F847}.Ad-Hoc|iPhone.ActiveCfg = Ad-Hoc|iPhone
		{998A819B-8C66-4104-B941-2BA18296F847}.Ad-Hoc|iPhone.Build.0 = Ad-Hoc|iPhone
		{998A819B-8C66-4104-B941-2BA18296F847}.Ad-Hoc|iPhoneSimulator.ActiveCfg = Ad-Hoc|iPhoneSimulator
		{998A819B-8C66-4104-B941-2BA18296F847}.Ad-Hoc|iPhoneSimulator.Build.0 = Ad-Hoc|iPhoneSimulator
		{998A819B-8C66-4104-B941-2BA18296F847}.Ad-Hoc|x86.ActiveCfg = Ad-Hoc|iPhone
		{998A819B-8C66-4104-B941-2BA18296F847}.AppStore|Any CPU.ActiveCfg = AppStore|iPhone
		{998A819B-8C66-4104-B941-2BA18296F847}.AppStore|ARM.ActiveCfg = AppStore|iPhone
		{998A819B-8C66-4104-B941-2BA18296F847}.AppStore|iPhone.ActiveCfg = AppStore|iPhone
		{998A819B-8C66-4104-B941-2BA18296F847}.AppStore|iPhone.Build.0 = AppStore|iPhone
		{998A819B-8C66-4104-B941-2BA18296F847}.AppStore|iPhoneSimulator.ActiveCfg = AppStore|iPhoneSimulator
		{998A819B-8C66-4104-B941-2BA18296F847}.AppStore|iPhoneSimulator.Build.0 = AppStore|iPhoneSimulator
		{998A819B-8C66-4104-B941-2BA18296F847}.AppStore|x86.ActiveCfg = AppStore|iPhone
		{998A819B-8C66-4104-B941-2BA18296F847}.Debug|Any CPU.ActiveCfg = Debug|iPhone
		{998A819B-8C66-4104-B941-2BA18296F847}.Debug|ARM.ActiveCfg = Debug|iPhone
		{998A819B-8C66-4104-B941-2BA18296F847}.Debug|iPhone.ActiveCfg = Debug|iPhone
		{998A819B-8C66-4104-B941-2BA18296F847}.Debug|iPhone.Build.0 = Debug|iPhone
		{998A819B-8C66-4104-B941-2BA18296F847}.Debug|iPhoneSimulator.ActiveCfg = Debug|iPhoneSimulator
		{998A819B-8C66-4104-B941-2BA18296F847}.Debug|iPhoneSimulator.Build.0 = Debug|iPhoneSimulator
		{998A819B-8C66-4104-B941-2BA18296F847}.Debug|x86.ActiveCfg = Debug|iPhone
		{998A819B-8C66-4104-B941-2BA18296F847}.Release|Any CPU.ActiveCfg = Release|iPhone
		{998A819B-8C66-4104-B941-2BA18296F847}.Release|ARM.ActiveCfg = Release|iPhone
		{998A819B-8C66-4104-B941-2BA18296F847}.Release|iPhone.ActiveCfg = Release|iPhone
		{998A819B-8C66-4104-B941-2BA18296F847}.Release|iPhone.Build.0 = Release|iPhone
		{998A819B-8C66-4104-B941-2BA18296F847}.Release|iPhoneSimulator.ActiveCfg = Release|iPhoneSimulator
		{998A819B-8C66-4104-B941-2BA18296F847}.Release|iPhoneSimulator.Build.0 = Release|iPhoneSimulator
		{998A819B-8C66-4104-B941-2BA18296F847}.Release|x86.ActiveCfg = Release|iPhone
		{93797C7D-FB5D-4F50-B759-63861BE20393}.Ad-Hoc|Any CPU.ActiveCfg = Release|Any CPU
		{93797C7D-FB5D-4F50-B759-63861BE20393}.Ad-Hoc|Any CPU.Build.0 = Release|Any CPU
		{93797C7D-FB5D-4F50-B759-63861BE20393}.Ad-Hoc|Any CPU.Deploy.0 = Release|Any CPU
		{93797C7D-FB5D-4F50-B759-63861BE20393}.Ad-Hoc|ARM.ActiveCfg = Release|ARM
		{93797C7D-FB5D-4F50-B759-63861BE20393}.Ad-Hoc|ARM.Build.0 = Release|ARM
		{93797C7D-FB5D-4F50-B759-63861BE20393}.Ad-Hoc|ARM.Deploy.0 = Release|ARM
		{93797C7D-FB5D-4F50-B759-63861BE20393}.Ad-Hoc|iPhone.ActiveCfg = Release|Any CPU
		{93797C7D-FB5D-4F50-B759-63861BE20393}.Ad-Hoc|iPhone.Build.0 = Release|Any CPU
		{93797C7D-FB5D-4F50-B759-63861BE20393}.Ad-Hoc|iPhone.Deploy.0 = Release|Any CPU
		{93797C7D-FB5D-4F50-B759-63861BE20393}.Ad-Hoc|iPhoneSimulator.ActiveCfg = Release|Any CPU
		{93797C7D-FB5D-4F50-B759-63861BE20393}.Ad-Hoc|iPhoneSimulator.Build.0 = Release|Any CPU
		{93797C7D-FB5D-4F50-B759-63861BE20393}.Ad-Hoc|iPhoneSimulator.Deploy.0 = Release|Any CPU
		{93797C7D-FB5D-4F50-B759-63861BE20393}.Ad-Hoc|x86.ActiveCfg = Release|x86
		{93797C7D-FB5D-4F50-B759-63861BE20393}.Ad-Hoc|x86.Build.0 = Release|x86
		{93797C7D-FB5D-4F50-B759-63861BE20393}.Ad-Hoc|x86.Deploy.0 = Release|x86
		{93797C7D-FB5D-4F50-B759-63861BE20393}.AppStore|Any CPU.ActiveCfg = Release|Any CPU
		{93797C7D-FB5D-4F50-B759-63861BE20393}.AppStore|Any CPU.Build.0 = Release|Any CPU
		{93797C7D-FB5D-4F50-B759-63861BE20393}.AppStore|Any CPU.Deploy.0 = Release|Any CPU
		{93797C7D-FB5D-4F50-B759-63861BE20393}.AppStore|ARM.ActiveCfg = Release|ARM
		{93797C7D-FB5D-4F50-B759-63861BE20393}.AppStore|ARM.Build.0 = Release|ARM
		{93797C7D-FB5D-4F50-B759-63861BE20393}.AppStore|ARM.Deploy.0 = Release|ARM
		{93797C7D-FB5D-4F50-B759-63861BE20393}.AppStore|iPhone.ActiveCfg = Release|Any CPU
		{93797C7D-FB5D-4F50-B759-63861BE20393}.AppStore|iPhone.Build.0 = Release|Any CPU
		{93797C7D-FB5D-4F50-B759-63861BE20393}.AppStore|iPhone.Deploy.0 = Release|Any CPU
		{93797C7D-FB5D-4F50-B759-63861BE20393}.AppStore|iPhoneSimulator.ActiveCfg = Release|Any CPU
		{93797C7D-FB5D-4F50-B759-63861BE20393}.AppStore|iPhoneSimulator.Build.0 = Release|Any CPU
		{93797C7D-FB5D-4F50-B759-63861BE20393}.AppStore|iPhoneSimulator.Deploy.0 = Release|Any CPU
		{93797C7D-FB5D-4F50-B759-63861BE20393}.AppStore|x86.ActiveCfg = Release|x86
		{93797C7D-FB5D-4F50-B759-63861BE20393}.AppStore|x86.Build.0 = Release|x86
		{93797C7D-FB5D-4F50-B759-63861BE20393}.AppStore|x86.Deploy.0 = Release|x86
		{93797C7D-FB5D-4F50-B759-63861BE20393}.Debug|Any CPU.ActiveCfg = Debug|Any CPU
		{93797C7D-FB5D-4F50-B759-63861BE20393}.Debug|Any CPU.Build.0 = Debug|Any CPU
		{93797C7D-FB5D-4F50-B759-63861BE20393}.Debug|Any CPU.Deploy.0 = Debug|Any CPU
		{93797C7D-FB5D-4F50-B759-63861BE20393}.Debug|ARM.ActiveCfg = Debug|ARM
		{93797C7D-FB5D-4F50-B759-63861BE20393}.Debug|ARM.Build.0 = Debug|ARM
		{93797C7D-FB5D-4F50-B759-63861BE20393}.Debug|ARM.Deploy.0 = Debug|ARM
		{93797C7D-FB5D-4F50-B759-63861BE20393}.Debug|iPhone.ActiveCfg = Debug|Any CPU
		{93797C7D-FB5D-4F50-B759-63861BE20393}.Debug|iPhone.Build.0 = Debug|Any CPU
		{93797C7D-FB5D-4F50-B759-63861BE20393}.Debug|iPhone.Deploy.0 = Debug|Any CPU
		{93797C7D-FB5D-4F50-B759-63861BE20393}.Debug|iPhoneSimulator.ActiveCfg = Debug|Any CPU
		{93797C7D-FB5D-4F50-B759-63861BE20393}.Debug|iPhoneSimulator.Build.0 = Debug|Any CPU
		{93797C7D-FB5D-4F50-B759-63861BE20393}.Debug|iPhoneSimulator.Deploy.0 = Debug|Any CPU
		{93797C7D-FB5D-4F50-B759-63861BE20393}.Debug|x86.ActiveCfg = Debug|x86
		{93797C7D-FB5D-4F50-B759-63861BE20393}.Debug|x86.Build.0 = Debug|x86
		{93797C7D-FB5D-4F50-B759-63861BE20393}.Debug|x86.Deploy.0 = Debug|x86
		{93797C7D-FB5D-4F50-B759-63861BE20393}.Release|Any CPU.ActiveCfg = Release|Any CPU
		{93797C7D-FB5D-4F50-B759-63861BE20393}.Release|Any CPU.Build.0 = Release|Any CPU
		{93797C7D-FB5D-4F50-B759-63861BE20393}.Release|Any CPU.Deploy.0 = Release|Any CPU
		{93797C7D-FB5D-4F50-B759-63861BE20393}.Release|ARM.ActiveCfg = Release|ARM
		{93797C7D-FB5D-4F50-B759-63861BE20393}.Release|ARM.Build.0 = Release|ARM
		{93797C7D-FB5D-4F50-B759-63861BE20393}.Release|ARM.Deploy.0 = Release|ARM
		{93797C7D-FB5D-4F50-B759-63861BE20393}.Release|iPhone.ActiveCfg = Release|Any CPU
		{93797C7D-FB5D-4F50-B759-63861BE20393}.Release|iPhone.Build.0 = Release|Any CPU
		{93797C7D-FB5D-4F50-B759-63861BE20393}.Release|iPhone.Deploy.0 = Release|Any CPU
		{93797C7D-FB5D-4F50-B759-63861BE20393}.Release|iPhoneSimulator.ActiveCfg = Release|Any CPU
		{93797C7D-FB5D-4F50-B759-63861BE20393}.Release|iPhoneSimulator.Build.0 = Release|Any CPU
		{93797C7D-FB5D-4F50-B759-63861BE20393}.Release|iPhoneSimulator.Deploy.0 = Release|Any CPU
		{93797C7D-FB5D-4F50-B759-63861BE20393}.Release|x86.ActiveCfg = Release|x86
		{93797C7D-FB5D-4F50-B759-63861BE20393}.Release|x86.Build.0 = Release|x86
		{93797C7D-FB5D-4F50-B759-63861BE20393}.Release|x86.Deploy.0 = Release|x86
	EndGlobalSection
	GlobalSection(SolutionProperties) = preSolution
		HideSolutionNode = FALSE
	EndGlobalSection
EndGlobal
